# THIS IS AN AUTOGENERATED FILE. DO NOT EDIT THIS FILE DIRECTLY.
# yarn lockfile v1


"@ttskch/select2-bootstrap4-theme@^1.5.2":
  version "1.5.2"
  resolved "https://registry.yarnpkg.com/@ttskch/select2-bootstrap4-theme/-/select2-bootstrap4-theme-1.5.2.tgz#3b4519b349f3e7831c28752a1e9617312a192656"
  integrity sha512-gAj8qNy/VYwQDBkACm0USM66kxFai8flX83ayRXPNhzZckEgSqIBB9sM74SCM3ssgeX+ZVy4BifTnLis+KpIyg==
