
Microsoft Visual Studio Solution File, Format Version 12.00
# Visual Studio Version 17
VisualStudioVersion = 17.0.31903.59
MinimumVisualStudioVersion = 10.0.40219.1
Project("{FAE04EC0-301F-11D3-BF4B-00C04F79EFBC}") = "Acme.Samples", "Acme.Samples\Acme.Samples.csproj", "{64430A23-E2E0-471D-B9F9-31E4E4C834E8}"
EndProject
Project("{FAE04EC0-301F-11D3-BF4B-00C04F79EFBC}") = "Washyn.SecurityLogs", "Washyn.SecurityLogs\Washyn.SecurityLogs.csproj", "{8647D078-CCAE-49D5-847C-21DF335D1D9E}"
EndProject
Project("{FAE04EC0-301F-11D3-BF4B-00C04F79EFBC}") = "Washyn.SbTheme", "Washyn.SbTheme\Washyn.SbTheme.csproj", "{3C70E625-CC20-4614-BA0F-30BB8A80A7E9}"
EndProject
Project("{FAE04EC0-301F-11D3-BF4B-00C04F79EFBC}") = "Washyn.ProfilePicture", "Washyn.ProfilePicture\Washyn.ProfilePicture.csproj", "{04D30728-064E-4904-9421-8B8870B7BF3C}"
EndProject
Project("{FAE04EC0-301F-11D3-BF4B-00C04F79EFBC}") = "Washyn.Logo", "Washyn.Logo\Washyn.Logo.csproj", "{AED69DF0-74BB-47C3-813A-273181BBB9F2}"
EndProject
Project("{FAE04EC0-301F-11D3-BF4B-00C04F79EFBC}") = "Washyn.Widgets", "Washyn.Widgets\Washyn.Widgets.csproj", "{26157D91-DD5C-410C-964A-F00AFBD88EF8}"
EndProject
Project("{FAE04EC0-301F-11D3-BF4B-00C04F79EFBC}") = "Washyn.Billing.OtherSettings", "Washyn.Billing.OtherSettings\Washyn.Billing.OtherSettings.csproj", "{72F87B4D-2C25-446B-B4DF-641C6DB5F3CA}"
EndProject
Project("{FAE04EC0-301F-11D3-BF4B-00C04F79EFBC}") = "Washyn.Sunat.Catalog", "Washyn.Sunat.Catalog\Washyn.Sunat.Catalog.csproj", "{216BE632-B0CB-4958-BFF4-E9899CEA6F4E}"
EndProject
Project("{FAE04EC0-301F-11D3-BF4B-00C04F79EFBC}") = "Washyn.Select2.Boostrap5", "Washyn.Select2.Boostrap5\Washyn.Select2.Boostrap5.csproj", "{60B2478E-7A65-4854-B933-8C574AD3AB3A}"
EndProject
Project("{FAE04EC0-301F-11D3-BF4B-00C04F79EFBC}") = "Washyn.Select2.Boostrap4", "Washyn.Select2.Boostrap4\Washyn.Select2.Boostrap4.csproj", "{230B06D9-1205-496F-BD1B-8E466EFA6292}"
EndProject
Project("{FAE04EC0-301F-11D3-BF4B-00C04F79EFBC}") = "Washyn.Select2.Localization", "Washyn.Select2.Localization\Washyn.Select2.Localization.csproj", "{C8BF7BEB-8075-46E1-A3F7-98FC9CD6DDAC}"
EndProject
Project("{FAE04EC0-301F-11D3-BF4B-00C04F79EFBC}") = "EasyAbp.LoggingManagement.Web", "EasyAbp.LoggingManagement.Web\EasyAbp.LoggingManagement.Web.csproj", "{136FF913-7C50-4085-AB7B-842060AF993E}"
EndProject
Project("{FAE04EC0-301F-11D3-BF4B-00C04F79EFBC}") = "Acme.Identity", "Washyn.Identity\Washyn.Identity.csproj", "{F37058E8-9E45-4C07-8E32-0999478822BA}"
EndProject
Project("{FAE04EC0-301F-11D3-BF4B-00C04F79EFBC}") = "Washyn.OrganizationUnit", "Washyn.OrganizationUnit\Washyn.OrganizationUnit.csproj", "{0E299FD3-9B7A-460B-8E97-CFEAA97337FC}"
EndProject
Project("{FAE04EC0-301F-11D3-BF4B-00C04F79EFBC}") = "Washyn.Abp.Select2", "Washyn.Abp.Select2\Washyn.Abp.Select2.csproj", "{EFF16671-7AC3-41E2-A535-2FF915DD689E}"
EndProject
Project("{FAE04EC0-301F-11D3-BF4B-00C04F79EFBC}") = "Washyn.Samples", "Washyn.Samples\Washyn.Samples.csproj", "{277FA929-3249-4AF8-B303-A2EE3E8EB8D4}"
EndProject
Project("{FAE04EC0-301F-11D3-BF4B-00C04F79EFBC}") = "Washyn.Dastone", "Washyn.Dastone\Washyn.Dastone.csproj", "{94FF38B2-F7BE-4F08-B719-9023BD7D22B2}"
EndProject
Project("{FAE04EC0-301F-11D3-BF4B-00C04F79EFBC}") = "Washyn.ComprobantePdf", "Washyn.ComprobantePdf\Washyn.ComprobantePdf.csproj", "{0F2D2A04-3F28-454C-A907-EBB389431D5F}"
EndProject
Project("{FAE04EC0-301F-11D3-BF4B-00C04F79EFBC}") = "Washyn.Identity", "Washyn.Identity\Washyn.Identity.csproj", "{600C8E9E-F8B0-4940-B395-614B442EF70C}"
EndProject
Global
	GlobalSection(SolutionConfigurationPlatforms) = preSolution
		Debug|Any CPU = Debug|Any CPU
		Release|Any CPU = Release|Any CPU
	EndGlobalSection
	GlobalSection(ProjectConfigurationPlatforms) = postSolution
		{64430A23-E2E0-471D-B9F9-31E4E4C834E8}.Debug|Any CPU.ActiveCfg = Debug|Any CPU
		{64430A23-E2E0-471D-B9F9-31E4E4C834E8}.Debug|Any CPU.Build.0 = Debug|Any CPU
		{64430A23-E2E0-471D-B9F9-31E4E4C834E8}.Release|Any CPU.ActiveCfg = Release|Any CPU
		{64430A23-E2E0-471D-B9F9-31E4E4C834E8}.Release|Any CPU.Build.0 = Release|Any CPU
		{8647D078-CCAE-49D5-847C-21DF335D1D9E}.Debug|Any CPU.ActiveCfg = Debug|Any CPU
		{8647D078-CCAE-49D5-847C-21DF335D1D9E}.Debug|Any CPU.Build.0 = Debug|Any CPU
		{8647D078-CCAE-49D5-847C-21DF335D1D9E}.Release|Any CPU.ActiveCfg = Release|Any CPU
		{8647D078-CCAE-49D5-847C-21DF335D1D9E}.Release|Any CPU.Build.0 = Release|Any CPU
		{3C70E625-CC20-4614-BA0F-30BB8A80A7E9}.Debug|Any CPU.ActiveCfg = Debug|Any CPU
		{3C70E625-CC20-4614-BA0F-30BB8A80A7E9}.Debug|Any CPU.Build.0 = Debug|Any CPU
		{3C70E625-CC20-4614-BA0F-30BB8A80A7E9}.Release|Any CPU.ActiveCfg = Release|Any CPU
		{3C70E625-CC20-4614-BA0F-30BB8A80A7E9}.Release|Any CPU.Build.0 = Release|Any CPU
		{04D30728-064E-4904-9421-8B8870B7BF3C}.Debug|Any CPU.ActiveCfg = Debug|Any CPU
		{04D30728-064E-4904-9421-8B8870B7BF3C}.Debug|Any CPU.Build.0 = Debug|Any CPU
		{04D30728-064E-4904-9421-8B8870B7BF3C}.Release|Any CPU.ActiveCfg = Release|Any CPU
		{04D30728-064E-4904-9421-8B8870B7BF3C}.Release|Any CPU.Build.0 = Release|Any CPU
		{AED69DF0-74BB-47C3-813A-273181BBB9F2}.Debug|Any CPU.ActiveCfg = Debug|Any CPU
		{AED69DF0-74BB-47C3-813A-273181BBB9F2}.Debug|Any CPU.Build.0 = Debug|Any CPU
		{AED69DF0-74BB-47C3-813A-273181BBB9F2}.Release|Any CPU.ActiveCfg = Release|Any CPU
		{AED69DF0-74BB-47C3-813A-273181BBB9F2}.Release|Any CPU.Build.0 = Release|Any CPU
		{26157D91-DD5C-410C-964A-F00AFBD88EF8}.Debug|Any CPU.ActiveCfg = Debug|Any CPU
		{26157D91-DD5C-410C-964A-F00AFBD88EF8}.Debug|Any CPU.Build.0 = Debug|Any CPU
		{26157D91-DD5C-410C-964A-F00AFBD88EF8}.Release|Any CPU.ActiveCfg = Release|Any CPU
		{26157D91-DD5C-410C-964A-F00AFBD88EF8}.Release|Any CPU.Build.0 = Release|Any CPU
		{72F87B4D-2C25-446B-B4DF-641C6DB5F3CA}.Debug|Any CPU.ActiveCfg = Debug|Any CPU
		{72F87B4D-2C25-446B-B4DF-641C6DB5F3CA}.Debug|Any CPU.Build.0 = Debug|Any CPU
		{72F87B4D-2C25-446B-B4DF-641C6DB5F3CA}.Release|Any CPU.ActiveCfg = Release|Any CPU
		{72F87B4D-2C25-446B-B4DF-641C6DB5F3CA}.Release|Any CPU.Build.0 = Release|Any CPU
		{861958DB-1986-498B-9242-8200BAAC0311}.Debug|Any CPU.ActiveCfg = Debug|Any CPU
		{861958DB-1986-498B-9242-8200BAAC0311}.Debug|Any CPU.Build.0 = Debug|Any CPU
		{861958DB-1986-498B-9242-8200BAAC0311}.Release|Any CPU.ActiveCfg = Release|Any CPU
		{861958DB-1986-498B-9242-8200BAAC0311}.Release|Any CPU.Build.0 = Release|Any CPU
		{ECAF3B5F-2A8A-401F-BE6A-5C91BF6602E7}.Debug|Any CPU.ActiveCfg = Debug|Any CPU
		{ECAF3B5F-2A8A-401F-BE6A-5C91BF6602E7}.Debug|Any CPU.Build.0 = Debug|Any CPU
		{ECAF3B5F-2A8A-401F-BE6A-5C91BF6602E7}.Release|Any CPU.ActiveCfg = Release|Any CPU
		{ECAF3B5F-2A8A-401F-BE6A-5C91BF6602E7}.Release|Any CPU.Build.0 = Release|Any CPU
		{216BE632-B0CB-4958-BFF4-E9899CEA6F4E}.Debug|Any CPU.ActiveCfg = Debug|Any CPU
		{216BE632-B0CB-4958-BFF4-E9899CEA6F4E}.Debug|Any CPU.Build.0 = Debug|Any CPU
		{216BE632-B0CB-4958-BFF4-E9899CEA6F4E}.Release|Any CPU.ActiveCfg = Release|Any CPU
		{216BE632-B0CB-4958-BFF4-E9899CEA6F4E}.Release|Any CPU.Build.0 = Release|Any CPU
		{D4C658F7-6376-400A-9C7F-EFE893640708}.Debug|Any CPU.ActiveCfg = Debug|Any CPU
		{D4C658F7-6376-400A-9C7F-EFE893640708}.Debug|Any CPU.Build.0 = Debug|Any CPU
		{D4C658F7-6376-400A-9C7F-EFE893640708}.Release|Any CPU.ActiveCfg = Release|Any CPU
		{D4C658F7-6376-400A-9C7F-EFE893640708}.Release|Any CPU.Build.0 = Release|Any CPU
		{60B2478E-7A65-4854-B933-8C574AD3AB3A}.Debug|Any CPU.ActiveCfg = Debug|Any CPU
		{60B2478E-7A65-4854-B933-8C574AD3AB3A}.Debug|Any CPU.Build.0 = Debug|Any CPU
		{60B2478E-7A65-4854-B933-8C574AD3AB3A}.Release|Any CPU.ActiveCfg = Release|Any CPU
		{60B2478E-7A65-4854-B933-8C574AD3AB3A}.Release|Any CPU.Build.0 = Release|Any CPU
		{230B06D9-1205-496F-BD1B-8E466EFA6292}.Debug|Any CPU.ActiveCfg = Debug|Any CPU
		{230B06D9-1205-496F-BD1B-8E466EFA6292}.Debug|Any CPU.Build.0 = Debug|Any CPU
		{230B06D9-1205-496F-BD1B-8E466EFA6292}.Release|Any CPU.ActiveCfg = Release|Any CPU
		{230B06D9-1205-496F-BD1B-8E466EFA6292}.Release|Any CPU.Build.0 = Release|Any CPU
		{C8BF7BEB-8075-46E1-A3F7-98FC9CD6DDAC}.Debug|Any CPU.ActiveCfg = Debug|Any CPU
		{C8BF7BEB-8075-46E1-A3F7-98FC9CD6DDAC}.Debug|Any CPU.Build.0 = Debug|Any CPU
		{C8BF7BEB-8075-46E1-A3F7-98FC9CD6DDAC}.Release|Any CPU.ActiveCfg = Release|Any CPU
		{C8BF7BEB-8075-46E1-A3F7-98FC9CD6DDAC}.Release|Any CPU.Build.0 = Release|Any CPU
		{136FF913-7C50-4085-AB7B-842060AF993E}.Debug|Any CPU.ActiveCfg = Debug|Any CPU
		{136FF913-7C50-4085-AB7B-842060AF993E}.Debug|Any CPU.Build.0 = Debug|Any CPU
		{136FF913-7C50-4085-AB7B-842060AF993E}.Release|Any CPU.ActiveCfg = Release|Any CPU
		{136FF913-7C50-4085-AB7B-842060AF993E}.Release|Any CPU.Build.0 = Release|Any CPU
		{F37058E8-9E45-4C07-8E32-0999478822BA}.Debug|Any CPU.ActiveCfg = Debug|Any CPU
		{F37058E8-9E45-4C07-8E32-0999478822BA}.Debug|Any CPU.Build.0 = Debug|Any CPU
		{F37058E8-9E45-4C07-8E32-0999478822BA}.Release|Any CPU.ActiveCfg = Release|Any CPU
		{F37058E8-9E45-4C07-8E32-0999478822BA}.Release|Any CPU.Build.0 = Release|Any CPU
		{0E299FD3-9B7A-460B-8E97-CFEAA97337FC}.Debug|Any CPU.ActiveCfg = Debug|Any CPU
		{0E299FD3-9B7A-460B-8E97-CFEAA97337FC}.Debug|Any CPU.Build.0 = Debug|Any CPU
		{0E299FD3-9B7A-460B-8E97-CFEAA97337FC}.Release|Any CPU.ActiveCfg = Release|Any CPU
		{0E299FD3-9B7A-460B-8E97-CFEAA97337FC}.Release|Any CPU.Build.0 = Release|Any CPU
		{EFF16671-7AC3-41E2-A535-2FF915DD689E}.Debug|Any CPU.ActiveCfg = Debug|Any CPU
		{EFF16671-7AC3-41E2-A535-2FF915DD689E}.Debug|Any CPU.Build.0 = Debug|Any CPU
		{EFF16671-7AC3-41E2-A535-2FF915DD689E}.Release|Any CPU.ActiveCfg = Release|Any CPU
		{EFF16671-7AC3-41E2-A535-2FF915DD689E}.Release|Any CPU.Build.0 = Release|Any CPU
		{277FA929-3249-4AF8-B303-A2EE3E8EB8D4}.Debug|Any CPU.ActiveCfg = Debug|Any CPU
		{277FA929-3249-4AF8-B303-A2EE3E8EB8D4}.Debug|Any CPU.Build.0 = Debug|Any CPU
		{277FA929-3249-4AF8-B303-A2EE3E8EB8D4}.Release|Any CPU.ActiveCfg = Release|Any CPU
		{277FA929-3249-4AF8-B303-A2EE3E8EB8D4}.Release|Any CPU.Build.0 = Release|Any CPU
		{94FF38B2-F7BE-4F08-B719-9023BD7D22B2}.Debug|Any CPU.ActiveCfg = Debug|Any CPU
		{94FF38B2-F7BE-4F08-B719-9023BD7D22B2}.Debug|Any CPU.Build.0 = Debug|Any CPU
		{94FF38B2-F7BE-4F08-B719-9023BD7D22B2}.Release|Any CPU.ActiveCfg = Release|Any CPU
		{94FF38B2-F7BE-4F08-B719-9023BD7D22B2}.Release|Any CPU.Build.0 = Release|Any CPU
		{0F2D2A04-3F28-454C-A907-EBB389431D5F}.Debug|Any CPU.ActiveCfg = Debug|Any CPU
		{0F2D2A04-3F28-454C-A907-EBB389431D5F}.Debug|Any CPU.Build.0 = Debug|Any CPU
		{0F2D2A04-3F28-454C-A907-EBB389431D5F}.Release|Any CPU.ActiveCfg = Release|Any CPU
		{0F2D2A04-3F28-454C-A907-EBB389431D5F}.Release|Any CPU.Build.0 = Release|Any CPU
		{600C8E9E-F8B0-4940-B395-614B442EF70C}.Debug|Any CPU.ActiveCfg = Debug|Any CPU
		{600C8E9E-F8B0-4940-B395-614B442EF70C}.Debug|Any CPU.Build.0 = Debug|Any CPU
		{600C8E9E-F8B0-4940-B395-614B442EF70C}.Release|Any CPU.ActiveCfg = Release|Any CPU
		{600C8E9E-F8B0-4940-B395-614B442EF70C}.Release|Any CPU.Build.0 = Release|Any CPU
	EndGlobalSection
	GlobalSection(SolutionProperties) = preSolution
		HideSolutionNode = FALSE
	EndGlobalSection
	GlobalSection(ExtensibilityGlobals) = postSolution
		SolutionGuid = {63E2660C-C1D9-4768-90FD-289F36581842}
	EndGlobalSection
EndGlobal
